Microsoft Visual Studio Solution File, Format Version 12.00
# Visual Studio Version 17
VisualStudioVersion = 17.5.2.0
MinimumVisualStudioVersion = 10.0.40219.1
Project("{FAE04EC0-301F-11D3-BF4B-00C04F79EFBC}") = "MyWebApp.Tests", "MyWebApp.Tests.csproj", "{082EBE5E-F349-D44E-E2CE-A8D3F408A7C5}"
EndProject
Global
	GlobalSection(SolutionConfigurationPlatforms) = preSolution
		Debug|Any CPU = Debug|Any CPU
		Release|Any CPU = Release|Any CPU
	EndGlobalSection
	GlobalSection(ProjectConfigurationPlatforms) = postSolution
		{082EBE5E-F349-D44E-E2CE-A8D3F408A7C5}.Debug|Any CPU.ActiveCfg = Debug|Any CPU
		{082EBE5E-F349-D44E-E2CE-A8D3F408A7C5}.Debug|Any CPU.Build.0 = Debug|Any CPU
		{082EBE5E-F349-D44E-E2CE-A8D3F408A7C5}.Release|Any CPU.ActiveCfg = Release|Any CPU
		{082EBE5E-F349-D44E-E2CE-A8D3F408A7C5}.Release|Any CPU.Build.0 = Release|Any CPU
	EndGlobalSection
	GlobalSection(SolutionProperties) = preSolution
		HideSolutionNode = FALSE
	EndGlobalSection
	GlobalSection(ExtensibilityGlobals) = postSolution
		SolutionGuid = {691966AC-F4F6-403E-A92F-8F7D23644BBA}
	EndGlobalSection
EndGlobal
